
Microsoft Visual Studio Solution File, Format Version 12.00
# Visual Studio Version 16
VisualStudioVersion = 16.0.31005.135
MinimumVisualStudioVersion = 10.0.40219.1
Project("{FAE04EC0-301F-11D3-BF4B-00C04F79EFBC}") = "OsuBackup", "OsuBackup\OsuBackup.csproj", "{F7D04CE1-604F-47C7-87DF-EA5084D5321A}"
EndProject
Global
	GlobalSection(SolutionConfigurationPlatforms) = preSolution
		Debug|Any CPU = Debug|Any CPU
		Debug|x64 = Debug|x64
		Debug|x86 = Debug|x86
		Release|Any CPU = Release|Any CPU
		Release|x64 = Release|x64
		Release|x86 = Release|x86
	EndGlobalSection
	GlobalSection(ProjectConfigurationPlatforms) = postSolution
		{F7D04CE1-604F-47C7-87DF-EA5084D5321A}.Debug|Any CPU.ActiveCfg = Release|Any CPU
		{F7D04CE1-604F-47C7-87DF-EA5084D5321A}.Debug|Any CPU.Build.0 = Release|Any CPU
		{F7D04CE1-604F-47C7-87DF-EA5084D5321A}.Debug|x64.ActiveCfg = Debug|x64
		{F7D04CE1-604F-47C7-87DF-EA5084D5321A}.Debug|x64.Build.0 = Debug|x64
		{F7D04CE1-604F-47C7-87DF-EA5084D5321A}.Debug|x86.ActiveCfg = Debug|x86
		{F7D04CE1-604F-47C7-87DF-EA5084D5321A}.Debug|x86.Build.0 = Debug|x86
		{F7D04CE1-604F-47C7-87DF-EA5084D5321A}.Release|Any CPU.ActiveCfg = Release|Any CPU
		{F7D04CE1-604F-47C7-87DF-EA5084D5321A}.Release|Any CPU.Build.0 = Release|Any CPU
		{F7D04CE1-604F-47C7-87DF-EA5084D5321A}.Release|x64.ActiveCfg = Release|x64
		{F7D04CE1-604F-47C7-87DF-EA5084D5321A}.Release|x64.Build.0 = Release|x64
		{F7D04CE1-604F-47C7-87DF-EA5084D5321A}.Release|x86.ActiveCfg = Release|x86
		{F7D04CE1-604F-47C7-87DF-EA5084D5321A}.Release|x86.Build.0 = Release|x86
	EndGlobalSection
	GlobalSection(SolutionProperties) = preSolution
		HideSolutionNode = FALSE
	EndGlobalSection
	GlobalSection(ExtensibilityGlobals) = postSolution
		SolutionGuid = {2D0FB29D-6310-41AC-8560-08ABA42FBFE2}
	EndGlobalSection
EndGlobal
